
Microsoft Visual Studio Solution File, Format Version 12.00
# Visual Studio Version 16
VisualStudioVersion = 16.0.30907.101
MinimumVisualStudioVersion = 10.0.40219.1
Project("{FAE04EC0-301F-11D3-BF4B-00C04F79EFBC}") = "constante", "constante\constante.csproj", "{343E01E0-0609-4E3B-BEE0-EFD8A408A75E}"
EndProject
Global
	GlobalSection(SolutionConfigurationPlatforms) = preSolution
		Debug|Any CPU = Debug|Any CPU
		Release|Any CPU = Release|Any CPU
	EndGlobalSection
	GlobalSection(ProjectConfigurationPlatforms) = postSolution
		{343E01E0-0609-4E3B-BEE0-EFD8A408A75E}.Debug|Any CPU.ActiveCfg = Debug|Any CPU
		{343E01E0-0609-4E3B-BEE0-EFD8A408A75E}.Debug|Any CPU.Build.0 = Debug|Any CPU
		{343E01E0-0609-4E3B-BEE0-EFD8A408A75E}.Release|Any CPU.ActiveCfg = Release|Any CPU
		{343E01E0-0609-4E3B-BEE0-EFD8A408A75E}.Release|Any CPU.Build.0 = Release|Any CPU
	EndGlobalSection
	GlobalSection(SolutionProperties) = preSolution
		HideSolutionNode = FALSE
	EndGlobalSection
	GlobalSection(ExtensibilityGlobals) = postSolution
		SolutionGuid = {EC9F2C41-0593-4169-AEF0-CEA3361F4F88}
	EndGlobalSection
EndGlobal
