
Microsoft Visual Studio Solution File, Format Version 12.00
# Visual Studio Version 16
VisualStudioVersion = 16.0.31005.135
MinimumVisualStudioVersion = 10.0.40219.1
Project("{FAE04EC0-301F-11D3-BF4B-00C04F79EFBC}") = "WindowsForms", "WindowsForms\WindowsForms.csproj", "{4698DFA7-FC7E-4CDC-8B8C-A8FA45F7B2AA}"
EndProject
Global
	GlobalSection(SolutionConfigurationPlatforms) = preSolution
		Debug|Any CPU = Debug|Any CPU
		Release|Any CPU = Release|Any CPU
	EndGlobalSection
	GlobalSection(ProjectConfigurationPlatforms) = postSolution
		{4698DFA7-FC7E-4CDC-8B8C-A8FA45F7B2AA}.Debug|Any CPU.ActiveCfg = Debug|Any CPU
		{4698DFA7-FC7E-4CDC-8B8C-A8FA45F7B2AA}.Debug|Any CPU.Build.0 = Debug|Any CPU
		{4698DFA7-FC7E-4CDC-8B8C-A8FA45F7B2AA}.Release|Any CPU.ActiveCfg = Release|Any CPU
		{4698DFA7-FC7E-4CDC-8B8C-A8FA45F7B2AA}.Release|Any CPU.Build.0 = Release|Any CPU
	EndGlobalSection
	GlobalSection(SolutionProperties) = preSolution
		HideSolutionNode = FALSE
	EndGlobalSection
	GlobalSection(ExtensibilityGlobals) = postSolution
		SolutionGuid = {43C1423F-059C-46D2-8A31-EB0F3FDECBD6}
	EndGlobalSection
EndGlobal
