
Microsoft Visual Studio Solution File, Format Version 12.00
# Visual Studio Version 16
VisualStudioVersion = 16.0.30907.101
MinimumVisualStudioVersion = 10.0.40219.1
Project("{FAE04EC0-301F-11D3-BF4B-00C04F79EFBC}") = "menu", "menu\menu.csproj", "{498B977F-684C-42EB-9913-E8F56253BAD7}"
EndProject
Project("{FAE04EC0-301F-11D3-BF4B-00C04F79EFBC}") = "Componentes", "Componentes\Componentes.csproj", "{A6D8D266-416E-4995-9D9F-BCC7AE349C34}"
EndProject
Global
	GlobalSection(SolutionConfigurationPlatforms) = preSolution
		Debug|Any CPU = Debug|Any CPU
		Release|Any CPU = Release|Any CPU
	EndGlobalSection
	GlobalSection(ProjectConfigurationPlatforms) = postSolution
		{498B977F-684C-42EB-9913-E8F56253BAD7}.Debug|Any CPU.ActiveCfg = Debug|Any CPU
		{498B977F-684C-42EB-9913-E8F56253BAD7}.Debug|Any CPU.Build.0 = Debug|Any CPU
		{498B977F-684C-42EB-9913-E8F56253BAD7}.Release|Any CPU.ActiveCfg = Release|Any CPU
		{498B977F-684C-42EB-9913-E8F56253BAD7}.Release|Any CPU.Build.0 = Release|Any CPU
		{A6D8D266-416E-4995-9D9F-BCC7AE349C34}.Debug|Any CPU.ActiveCfg = Debug|Any CPU
		{A6D8D266-416E-4995-9D9F-BCC7AE349C34}.Debug|Any CPU.Build.0 = Debug|Any CPU
		{A6D8D266-416E-4995-9D9F-BCC7AE349C34}.Release|Any CPU.ActiveCfg = Release|Any CPU
		{A6D8D266-416E-4995-9D9F-BCC7AE349C34}.Release|Any CPU.Build.0 = Release|Any CPU
	EndGlobalSection
	GlobalSection(SolutionProperties) = preSolution
		HideSolutionNode = FALSE
	EndGlobalSection
	GlobalSection(ExtensibilityGlobals) = postSolution
		SolutionGuid = {3EC73936-37C2-4267-A5DD-63CA8AF64679}
	EndGlobalSection
EndGlobal
